
Microsoft Visual Studio Solution File, Format Version 12.00
# Visual Studio Version 16
VisualStudioVersion = 16.0.32002.261
MinimumVisualStudioVersion = 10.0.40219.1
Project("{9A19103F-16F7-4668-BE54-9A1E7A4F7556}") = "ClassTemplate", "ClassTemplate\ClassTemplate.csproj", "{2924AAC6-D032-48A3-AEA5-A1D346EFF74D}"
EndProject
Project("{FAE04EC0-301F-11D3-BF4B-00C04F79EFBC}") = "VSIXTemplate", "VSIXTemplate\VSIXTemplate.csproj", "{96ADCA43-9BE8-4F4D-8C7A-13E7F1AD2E61}"
EndProject
Global
	GlobalSection(SolutionConfigurationPlatforms) = preSolution
		Debug|Any CPU = Debug|Any CPU
		Release|Any CPU = Release|Any CPU
	EndGlobalSection
	GlobalSection(ProjectConfigurationPlatforms) = postSolution
		{2924AAC6-D032-48A3-AEA5-A1D346EFF74D}.Debug|Any CPU.ActiveCfg = Debug|Any CPU
		{2924AAC6-D032-48A3-AEA5-A1D346EFF74D}.Debug|Any CPU.Build.0 = Debug|Any CPU
		{2924AAC6-D032-48A3-AEA5-A1D346EFF74D}.Release|Any CPU.ActiveCfg = Release|Any CPU
		{2924AAC6-D032-48A3-AEA5-A1D346EFF74D}.Release|Any CPU.Build.0 = Release|Any CPU
		{96ADCA43-9BE8-4F4D-8C7A-13E7F1AD2E61}.Debug|Any CPU.ActiveCfg = Debug|Any CPU
		{96ADCA43-9BE8-4F4D-8C7A-13E7F1AD2E61}.Debug|Any CPU.Build.0 = Debug|Any CPU
		{96ADCA43-9BE8-4F4D-8C7A-13E7F1AD2E61}.Release|Any CPU.ActiveCfg = Release|Any CPU
		{96ADCA43-9BE8-4F4D-8C7A-13E7F1AD2E61}.Release|Any CPU.Build.0 = Release|Any CPU
	EndGlobalSection
	GlobalSection(SolutionProperties) = preSolution
		HideSolutionNode = FALSE
	EndGlobalSection
	GlobalSection(ExtensibilityGlobals) = postSolution
		SolutionGuid = {72BE2F80-1A0E-4905-81E1-B78F219123B6}
	EndGlobalSection
EndGlobal
